// !$*UTF8*$!
{
	archiveVersion = 1;
	classes = {
	};
	objectVersion = 77;
	objects = {

/* Begin PBXBuildFile section */
		DE46F6C06BDE08F9FC2B7F77 /* AddStopsView.swift in Sources */ = {isa = PBXBuildFile; fileRef = 7E69474FC94B8EADBF47260C /* AddStopsView.swift */; };
		CA1F43CF3B80DCA60F2A0E34 /* AddStopsViewModel.swift in Sources */ = {isa = PBXBuildFile; fileRef = 23A9BC5602125793DCD3EDFE /* AddStopsViewModel.swift */; };
		E2A21D767CC4DC3EE8A2FF8B /* CLLocationCoordinate2D+Extensions.swift in Sources */ = {isa = PBXBuildFile; fileRef = DAFD189B9195ED124E475373 /* CLLocationCoordinate2D+Extensions.swift */; };
		BE418AD59088B5ABB6B71DEA /* ContentView.swift in Sources */ = {isa = PBXBuildFile; fileRef = 0A01816C117B3CD1CB1354E3 /* ContentView.swift */; };
		6966E3EE03088DA84391990B /* DeliveryStatus.swift in Sources */ = {isa = PBXBuildFile; fileRef = 5BE4C12E780C3904F7546045 /* DeliveryStatus.swift */; };
		D72F44BFB49CDB83A79D8C1A /* GeocodingService.swift in Sources */ = {isa = PBXBuildFile; fileRef = B5515AB276DA5D719BFF071B /* GeocodingService.swift */; };
		6F5353399B256FD399630A71 /* LocationService.swift in Sources */ = {isa = PBXBuildFile; fileRef = 7566CCC1CFBAAE938638C490 /* LocationService.swift */; };
		ACEE7DD0DCE586DCDC0DB20D /* MainMapView.swift in Sources */ = {isa = PBXBuildFile; fileRef = B871DA93D33CB87E04082F59 /* MainMapView.swift */; };
		0E87D0BD967583F882A3A492 /* MapControlsOverlay.swift in Sources */ = {isa = PBXBuildFile; fileRef = 20B2DF8B3CE958B354D58F09 /* MapControlsOverlay.swift */; };
		B3F023EB90BB65A5682F4F1F /* MapSearchBarView.swift in Sources */ = {isa = PBXBuildFile; fileRef = E7087C543EFF55FE03CC37E5 /* MapSearchBarView.swift */; };
		9CB2E59832CB3189352DF1AC /* MapWithPinsView.swift in Sources */ = {isa = PBXBuildFile; fileRef = 560CB8FCA9121C63FD6E89D3 /* MapWithPinsView.swift */; };
		36EC37415275B498EA411159 /* NavigationApp.swift in Sources */ = {isa = PBXBuildFile; fileRef = 84F83FFEEEE9697699E96FE7 /* NavigationApp.swift */; };
		0500B6352AEEDC60ECCEC044 /* NavigationService.swift in Sources */ = {isa = PBXBuildFile; fileRef = 3843E6F9AFFD8DB8392CF4CA /* NavigationService.swift */; };
		E55BDE7A180FB5E35ADC2723 /* Route.swift in Sources */ = {isa = PBXBuildFile; fileRef = 65962F64CA6C4B374447A4EF /* Route.swift */; };
		9BBA3D1DB1D51D64B0D33EEC /* RouteFlowApp.swift in Sources */ = {isa = PBXBuildFile; fileRef = 36BC28FBCFE9526224AB3EF1 /* RouteFlowApp.swift */; };
		E5B033D4350B9878633071FC /* RouteOptimizationService.swift in Sources */ = {isa = PBXBuildFile; fileRef = F1C5447CA3B36AD056156E65 /* RouteOptimizationService.swift */; };
		8E10FB05C72A09313A9A8A20 /* SideMenuView.swift in Sources */ = {isa = PBXBuildFile; fileRef = 9933382C6DE57E88B8EA46E3 /* SideMenuView.swift */; };
		B9C5928931E8DA69E5C2FB40 /* Stop.swift in Sources */ = {isa = PBXBuildFile; fileRef = A608DCA0E09577E50D4F8DFC /* Stop.swift */; };
		1A57C958E8CCA74B83954C63 /* StopAnnotationView.swift in Sources */ = {isa = PBXBuildFile; fileRef = 11092D6DCC03D045663594E4 /* StopAnnotationView.swift */; };
		9924B9D61A98C65FB8755538 /* StopsBottomSheetView.swift in Sources */ = {isa = PBXBuildFile; fileRef = 8838B2D4E787CE205D83D532 /* StopsBottomSheetView.swift */; };
		FEE6895616254708A089D812 /* SearchStopView.swift in Sources */ = {isa = PBXBuildFile; fileRef = DD7B998A27CE4EDEB3AF8CFC /* SearchStopView.swift */; };
		196F861B4F7D4E07B744B71F /* StopDetailView.swift in Sources */ = {isa = PBXBuildFile; fileRef = DF8A8724B85B4A09A6BF2E18 /* StopDetailView.swift */; };
		749B2C872231440F82F8E7BE /* CreateRouteView.swift in Sources */ = {isa = PBXBuildFile; fileRef = 50A3A7AD269F4E709540D8BE /* CreateRouteView.swift */; };
		22F024B4687C40DCB35D6512 /* OptimizeRouteView.swift in Sources */ = {isa = PBXBuildFile; fileRef = 80B78E5A357D4285A08F95FB /* OptimizeRouteView.swift */; };
		040908A1E9E74526AFB4382B /* NavigationAppSelectorView.swift in Sources */ = {isa = PBXBuildFile; fileRef = 33146F0CE13C4B94A5F79C2F /* NavigationAppSelectorView.swift */; };
	/* End PBXBuildFile section */

/* Begin PBXContainerItemProxy section */
		DFA18CCE2F368D6200FFB10E /* PBXContainerItemProxy */ = {
			isa = PBXContainerItemProxy;
			containerPortal = DFA18CB32F368D5F00FFB10E /* Project object */;
			proxyType = 1;
			remoteGlobalIDString = DFA18CBA2F368D5F00FFB10E;
			remoteInfo = RouteFlow;
		};
		DFA18CD82F368D6200FFB10E /* PBXContainerItemProxy */ = {
			isa = PBXContainerItemProxy;
			containerPortal = DFA18CB32F368D5F00FFB10E /* Project object */;
			proxyType = 1;
			remoteGlobalIDString = DFA18CBA2F368D5F00FFB10E;
			remoteInfo = RouteFlow;
		};
/* End PBXContainerItemProxy section */

/* Begin PBXFileReference section */
		DFA18CBB2F368D5F00FFB10E /* RouteFlow.app */ = {isa = PBXFileReference; explicitFileType = wrapper.application; includeInIndex = 0; path = RouteFlow.app; sourceTree = BUILT_PRODUCTS_DIR; };
		DFA18CCD2F368D6200FFB10E /* RouteFlowTests.xctest */ = {isa = PBXFileReference; explicitFileType = wrapper.cfbundle; includeInIndex = 0; path = RouteFlowTests.xctest; sourceTree = BUILT_PRODUCTS_DIR; };
		DFA18CD72F368D6200FFB10E /* RouteFlowUITests.xctest */ = {isa = PBXFileReference; explicitFileType = wrapper.cfbundle; includeInIndex = 0; path = RouteFlowUITests.xctest; sourceTree = BUILT_PRODUCTS_DIR; };
		0A01816C117B3CD1CB1354E3 /* ContentView.swift */ = {isa = PBXFileReference; lastKnownFileType = sourcecode.swift; path = ContentView.swift; sourceTree = "<group>"; };
		11092D6DCC03D045663594E4 /* StopAnnotationView.swift */ = {isa = PBXFileReference; lastKnownFileType = sourcecode.swift; path = StopAnnotationView.swift; sourceTree = "<group>"; };
		20B2DF8B3CE958B354D58F09 /* MapControlsOverlay.swift */ = {isa = PBXFileReference; lastKnownFileType = sourcecode.swift; path = MapControlsOverlay.swift; sourceTree = "<group>"; };
		23A9BC5602125793DCD3EDFE /* AddStopsViewModel.swift */ = {isa = PBXFileReference; lastKnownFileType = sourcecode.swift; path = AddStopsViewModel.swift; sourceTree = "<group>"; };
		36BC28FBCFE9526224AB3EF1 /* RouteFlowApp.swift */ = {isa = PBXFileReference; lastKnownFileType = sourcecode.swift; path = RouteFlowApp.swift; sourceTree = "<group>"; };
		3843E6F9AFFD8DB8392CF4CA /* NavigationService.swift */ = {isa = PBXFileReference; lastKnownFileType = sourcecode.swift; path = NavigationService.swift; sourceTree = "<group>"; };
		560CB8FCA9121C63FD6E89D3 /* MapWithPinsView.swift */ = {isa = PBXFileReference; lastKnownFileType = sourcecode.swift; path = MapWithPinsView.swift; sourceTree = "<group>"; };
		5BE4C12E780C3904F7546045 /* DeliveryStatus.swift */ = {isa = PBXFileReference; lastKnownFileType = sourcecode.swift; path = DeliveryStatus.swift; sourceTree = "<group>"; };
		65962F64CA6C4B374447A4EF /* Route.swift */ = {isa = PBXFileReference; lastKnownFileType = sourcecode.swift; path = Route.swift; sourceTree = "<group>"; };
		6F578F3E821524E9198DDDCF /* Assets.xcassets */ = {isa = PBXFileReference; lastKnownFileType = folder.assetcatalog; path = Assets.xcassets; sourceTree = "<group>"; };
		7566CCC1CFBAAE938638C490 /* LocationService.swift */ = {isa = PBXFileReference; lastKnownFileType = sourcecode.swift; path = LocationService.swift; sourceTree = "<group>"; };
		7E69474FC94B8EADBF47260C /* AddStopsView.swift */ = {isa = PBXFileReference; lastKnownFileType = sourcecode.swift; path = AddStopsView.swift; sourceTree = "<group>"; };
		84F83FFEEEE9697699E96FE7 /* NavigationApp.swift */ = {isa = PBXFileReference; lastKnownFileType = sourcecode.swift; path = NavigationApp.swift; sourceTree = "<group>"; };
		8838B2D4E787CE205D83D532 /* StopsBottomSheetView.swift */ = {isa = PBXFileReference; lastKnownFileType = sourcecode.swift; path = StopsBottomSheetView.swift; sourceTree = "<group>"; };
		9933382C6DE57E88B8EA46E3 /* SideMenuView.swift */ = {isa = PBXFileReference; lastKnownFileType = sourcecode.swift; path = SideMenuView.swift; sourceTree = "<group>"; };
		A608DCA0E09577E50D4F8DFC /* Stop.swift */ = {isa = PBXFileReference; lastKnownFileType = sourcecode.swift; path = Stop.swift; sourceTree = "<group>"; };
		B5515AB276DA5D719BFF071B /* GeocodingService.swift */ = {isa = PBXFileReference; lastKnownFileType = sourcecode.swift; path = GeocodingService.swift; sourceTree = "<group>"; };
		B871DA93D33CB87E04082F59 /* MainMapView.swift */ = {isa = PBXFileReference; lastKnownFileType = sourcecode.swift; path = MainMapView.swift; sourceTree = "<group>"; };
		DAFD189B9195ED124E475373 /* CLLocationCoordinate2D+Extensions.swift */ = {isa = PBXFileReference; lastKnownFileType = sourcecode.swift; path = "CLLocationCoordinate2D+Extensions.swift"; sourceTree = "<group>"; };
		E7087C543EFF55FE03CC37E5 /* MapSearchBarView.swift */ = {isa = PBXFileReference; lastKnownFileType = sourcecode.swift; path = MapSearchBarView.swift; sourceTree = "<group>"; };
		F1C5447CA3B36AD056156E65 /* RouteOptimizationService.swift */ = {isa = PBXFileReference; lastKnownFileType = sourcecode.swift; path = RouteOptimizationService.swift; sourceTree = "<group>"; };
		DD7B998A27CE4EDEB3AF8CFC /* SearchStopView.swift */ = {isa = PBXFileReference; lastKnownFileType = sourcecode.swift; path = RouteFlow/Features/AddStops/Views/SearchStopView.swift; sourceTree = "<group>"; };
		DF8A8724B85B4A09A6BF2E18 /* StopDetailView.swift */ = {isa = PBXFileReference; lastKnownFileType = sourcecode.swift; path = RouteFlow/Features/MainMap/Views/StopDetailView.swift; sourceTree = "<group>"; };
		50A3A7AD269F4E709540D8BE /* CreateRouteView.swift */ = {isa = PBXFileReference; lastKnownFileType = sourcecode.swift; path = RouteFlow/Features/MainMap/Views/CreateRouteView.swift; sourceTree = "<group>"; };
		80B78E5A357D4285A08F95FB /* OptimizeRouteView.swift */ = {isa = PBXFileReference; lastKnownFileType = sourcecode.swift; path = RouteFlow/Features/MainMap/Views/OptimizeRouteView.swift; sourceTree = "<group>"; };
		33146F0CE13C4B94A5F79C2F /* NavigationAppSelectorView.swift */ = {isa = PBXFileReference; lastKnownFileType = sourcecode.swift; path = RouteFlow/Features/MainMap/Views/NavigationAppSelectorView.swift; sourceTree = "<group>"; };
	/* End PBXFileReference section */

/* Begin PBXFileSystemSynchronizedRootGroup section */
		DFA18CD02F368D6200FFB10E /* RouteFlowTests */ = {
			isa = PBXFileSystemSynchronizedRootGroup;
			path = RouteFlowTests;
			sourceTree = "<group>";
		};
		DFA18CDA2F368D6200FFB10E /* RouteFlowUITests */ = {
			isa = PBXFileSystemSynchronizedRootGroup;
			path = RouteFlowUITests;
			sourceTree = "<group>";
		};
/* End PBXFileSystemSynchronizedRootGroup section */

/* Begin PBXFrameworksBuildPhase section */
		DFA18CB82F368D5F00FFB10E /* Frameworks */ = {
			isa = PBXFrameworksBuildPhase;
			buildActionMask = 2147483647;
			files = (
			);
			runOnlyForDeploymentPostprocessing = 0;
		};
		DFA18CCA2F368D6200FFB10E /* Frameworks */ = {
			isa = PBXFrameworksBuildPhase;
			buildActionMask = 2147483647;
			files = (
			);
			runOnlyForDeploymentPostprocessing = 0;
		};
		DFA18CD42F368D6200FFB10E /* Frameworks */ = {
			isa = PBXFrameworksBuildPhase;
			buildActionMask = 2147483647;
			files = (
			);
			runOnlyForDeploymentPostprocessing = 0;
		};
/* End PBXFrameworksBuildPhase section */

/* Begin PBXGroup section */
		DFA18CB22F368D5F00FFB10E = {
			isa = PBXGroup;
			children = (
				DFA18CBD2F368D5F00FFB10E /* RouteFlow */,
				DFA18CD02F368D6200FFB10E /* RouteFlowTests */,
				DFA18CDA2F368D6200FFB10E /* RouteFlowUITests */,
				DFA18CBC2F368D5F00FFB10E /* Products */,
			);
			sourceTree = "<group>";
		};
		DFA18CBC2F368D5F00FFB10E /* Products */ = {
			isa = PBXGroup;
			children = (
				DFA18CBB2F368D5F00FFB10E /* RouteFlow.app */,
				DFA18CCD2F368D6200FFB10E /* RouteFlowTests.xctest */,
				DFA18CD72F368D6200FFB10E /* RouteFlowUITests.xctest */,
			);
			name = Products;
			sourceTree = "<group>";
		};
		DFA18CBD2F368D5F00FFB10E /* RouteFlow */ = {
			isa = PBXGroup;
			children = (
				4ECA78E46A02D5FFCA6DD984 /* Core */,
				7C9459A61F19CE0A1361F90B /* Features */,
				56C397788F9CA2864DFEF111 /* Shared */,
				44C2861766F7C15B2E863ECC /* Preview Content */,
				0A01816C117B3CD1CB1354E3 /* ContentView.swift */,
				36BC28FBCFE9526224AB3EF1 /* RouteFlowApp.swift */,
				6F578F3E821524E9198DDDCF /* Assets.xcassets */,
			);
			path = RouteFlow;
			sourceTree = "<group>";
		};
		4ECA78E46A02D5FFCA6DD984 /* Core */ = {
			isa = PBXGroup;
			children = (
				035903127F4579D715C08E98 /* Models */,
				914EB03C648CB06C58DDCA49 /* Services */,
				6CE3E3C475F28BE548733B2E /* Utilities */,
			);
			path = Core;
			sourceTree = "<group>";
		};
		035903127F4579D715C08E98 /* Models */ = {
			isa = PBXGroup;
			children = (
				5BE4C12E780C3904F7546045 /* DeliveryStatus.swift */,
				84F83FFEEEE9697699E96FE7 /* NavigationApp.swift */,
				65962F64CA6C4B374447A4EF /* Route.swift */,
				A608DCA0E09577E50D4F8DFC /* Stop.swift */,
			);
			path = Models;
			sourceTree = "<group>";
		};
		914EB03C648CB06C58DDCA49 /* Services */ = {
			isa = PBXGroup;
			children = (
				B5515AB276DA5D719BFF071B /* GeocodingService.swift */,
				7566CCC1CFBAAE938638C490 /* LocationService.swift */,
				3843E6F9AFFD8DB8392CF4CA /* NavigationService.swift */,
				F1C5447CA3B36AD056156E65 /* RouteOptimizationService.swift */,
			);
			path = Services;
			sourceTree = "<group>";
		};
		6CE3E3C475F28BE548733B2E /* Utilities */ = {
			isa = PBXGroup;
			children = (
				B79EDB1FEDCECCE7A03DD684 /* Extensions */,
			);
			path = Utilities;
			sourceTree = "<group>";
		};
		B79EDB1FEDCECCE7A03DD684 /* Extensions */ = {
			isa = PBXGroup;
			children = (
				DAFD189B9195ED124E475373 /* CLLocationCoordinate2D+Extensions.swift */,
			);
			path = Extensions;
			sourceTree = "<group>";
		};
		7C9459A61F19CE0A1361F90B /* Features */ = {
			isa = PBXGroup;
			children = (
				AF061A5AC0E73554101D8BAB /* AddStops */,
				FA35AE18155350BF84ACCF74 /* MainMap */,
			);
			path = Features;
			sourceTree = "<group>";
		};
		AF061A5AC0E73554101D8BAB /* AddStops */ = {
			isa = PBXGroup;
			children = (
				E06A409E6F7AE818A62FE9B4 /* ViewModels */,
				E66D3A81B3D6AD2451036D1E /* Views */,
			);
			path = AddStops;
			sourceTree = "<group>";
		};
		E06A409E6F7AE818A62FE9B4 /* ViewModels */ = {
			isa = PBXGroup;
			children = (
				23A9BC5602125793DCD3EDFE /* AddStopsViewModel.swift */,
			);
			path = ViewModels;
			sourceTree = "<group>";
		};
		E66D3A81B3D6AD2451036D1E /* Views */ = {
			isa = PBXGroup;
			children = (
				7E69474FC94B8EADBF47260C /* AddStopsView.swift */,
			);
			path = Views;
			sourceTree = "<group>";
		};
		FA35AE18155350BF84ACCF74 /* MainMap */ = {
			isa = PBXGroup;
			children = (
				2253A6EE51DFCED3C3254C63 /* Views */,
			);
			path = MainMap;
			sourceTree = "<group>";
		};
		2253A6EE51DFCED3C3254C63 /* Views */ = {
			isa = PBXGroup;
			children = (
				B871DA93D33CB87E04082F59 /* MainMapView.swift */,
				20B2DF8B3CE958B354D58F09 /* MapControlsOverlay.swift */,
				E7087C543EFF55FE03CC37E5 /* MapSearchBarView.swift */,
				9933382C6DE57E88B8EA46E3 /* SideMenuView.swift */,
				8838B2D4E787CE205D83D532 /* StopsBottomSheetView.swift */,
			);
			path = Views;
			sourceTree = "<group>";
		};
		44C2861766F7C15B2E863ECC /* Preview Content */ = {
			isa = PBXGroup;
			children = (

			);
			path = "Preview Content";
			sourceTree = "<group>";
		};
		56C397788F9CA2864DFEF111 /* Shared */ = {
			isa = PBXGroup;
			children = (
				DF1C0ED61BBAF44A559515C0 /* Components */,
			);
			path = Shared;
			sourceTree = "<group>";
		};
		DF1C0ED61BBAF44A559515C0 /* Components */ = {
			isa = PBXGroup;
			children = (
				560CB8FCA9121C63FD6E89D3 /* MapWithPinsView.swift */,
				11092D6DCC03D045663594E4 /* StopAnnotationView.swift */,
			);
			path = Components;
			sourceTree = "<group>";
		};
/* End PBXGroup section */

/* Begin PBXNativeTarget section */
		DFA18CBA2F368D5F00FFB10E /* RouteFlow */ = {
			isa = PBXNativeTarget;
			buildConfigurationList = DFA18CE12F368D6200FFB10E /* Build configuration list for PBXNativeTarget "RouteFlow" */;
			buildPhases = (
				DFA18CB72F368D5F00FFB10E /* Sources */,
				DFA18CB82F368D5F00FFB10E /* Frameworks */,
				DFA18CB92F368D5F00FFB10E /* Resources */,
			);
			buildRules = (
			);
			dependencies = (
			);
			/* files managed via PBXGroup */
			name = RouteFlow;
			packageProductDependencies = (
			);
			productName = RouteFlow;
			productReference = DFA18CBB2F368D5F00FFB10E /* RouteFlow.app */;
			productType = "com.apple.product-type.application";
		};
		DFA18CCC2F368D6200FFB10E /* RouteFlowTests */ = {
			isa = PBXNativeTarget;
			buildConfigurationList = DFA18CE42F368D6200FFB10E /* Build configuration list for PBXNativeTarget "RouteFlowTests" */;
			buildPhases = (
				DFA18CC92F368D6200FFB10E /* Sources */,
				DFA18CCA2F368D6200FFB10E /* Frameworks */,
				DFA18CCB2F368D6200FFB10E /* Resources */,
			);
			buildRules = (
			);
			dependencies = (
				DFA18CCF2F368D6200FFB10E /* PBXTargetDependency */,
			);
			fileSystemSynchronizedGroups = (
				DFA18CD02F368D6200FFB10E /* RouteFlowTests */,
			);
			name = RouteFlowTests;
			packageProductDependencies = (
			);
			productName = RouteFlowTests;
			productReference = DFA18CCD2F368D6200FFB10E /* RouteFlowTests.xctest */;
			productType = "com.apple.product-type.bundle.unit-test";
		};
		DFA18CD62F368D6200FFB10E /* RouteFlowUITests */ = {
			isa = PBXNativeTarget;
			buildConfigurationList = DFA18CE72F368D6200FFB10E /* Build configuration list for PBXNativeTarget "RouteFlowUITests" */;
			buildPhases = (
				DFA18CD32F368D6200FFB10E /* Sources */,
				DFA18CD42F368D6200FFB10E /* Frameworks */,
				DFA18CD52F368D6200FFB10E /* Resources */,
			);
			buildRules = (
			);
			dependencies = (
				DFA18CD92F368D6200FFB10E /* PBXTargetDependency */,
			);
			fileSystemSynchronizedGroups = (
				DFA18CDA2F368D6200FFB10E /* RouteFlowUITests */,
			);
			name = RouteFlowUITests;
			packageProductDependencies = (
			);
			productName = RouteFlowUITests;
			productReference = DFA18CD72F368D6200FFB10E /* RouteFlowUITests.xctest */;
			productType = "com.apple.product-type.bundle.ui-testing";
		};
/* End PBXNativeTarget section */

/* Begin PBXProject section */
		DFA18CB32F368D5F00FFB10E /* Project object */ = {
			isa = PBXProject;
			attributes = {
				BuildIndependentTargetsInParallel = 1;
				LastSwiftUpdateCheck = 1620;
				LastUpgradeCheck = 1620;
				TargetAttributes = {
					DFA18CBA2F368D5F00FFB10E = {
						CreatedOnToolsVersion = 16.2;
					};
					DFA18CCC2F368D6200FFB10E = {
						CreatedOnToolsVersion = 16.2;
						TestTargetID = DFA18CBA2F368D5F00FFB10E;
					};
					DFA18CD62F368D6200FFB10E = {
						CreatedOnToolsVersion = 16.2;
						TestTargetID = DFA18CBA2F368D5F00FFB10E;
					};
				};
			};
			buildConfigurationList = DFA18CB62F368D5F00FFB10E /* Build configuration list for PBXProject "RouteFlow" */;
			developmentRegion = en;
			hasScannedForEncodings = 0;
			knownRegions = (
				en,
				Base,
			);
			mainGroup = DFA18CB22F368D5F00FFB10E;
			minimizedProjectReferenceProxies = 1;
			preferredProjectObjectVersion = 77;
			productRefGroup = DFA18CBC2F368D5F00FFB10E /* Products */;
			projectDirPath = "";
			projectRoot = "";
			targets = (
				DFA18CBA2F368D5F00FFB10E /* RouteFlow */,
				DFA18CCC2F368D6200FFB10E /* RouteFlowTests */,
				DFA18CD62F368D6200FFB10E /* RouteFlowUITests */,
			);
		};
/* End PBXProject section */

/* Begin PBXResourcesBuildPhase section */
		DFA18CB92F368D5F00FFB10E /* Resources */ = {
			isa = PBXResourcesBuildPhase;
			buildActionMask = 2147483647;
			files = (
			);
			runOnlyForDeploymentPostprocessing = 0;
		};
		DFA18CCB2F368D6200FFB10E /* Resources */ = {
			isa = PBXResourcesBuildPhase;
			buildActionMask = 2147483647;
			files = (
			);
			runOnlyForDeploymentPostprocessing = 0;
		};
		DFA18CD52F368D6200FFB10E /* Resources */ = {
			isa = PBXResourcesBuildPhase;
			buildActionMask = 2147483647;
			files = (
			);
			runOnlyForDeploymentPostprocessing = 0;
		};
/* End PBXResourcesBuildPhase section */

/* Begin PBXSourcesBuildPhase section */
		DFA18CB72F368D5F00FFB10E /* Sources */ = {
			isa = PBXSourcesBuildPhase;
			buildActionMask = 2147483647;
			files = (
				DE46F6C06BDE08F9FC2B7F77 /* AddStopsView.swift in Sources */,
				CA1F43CF3B80DCA60F2A0E34 /* AddStopsViewModel.swift in Sources */,
				E2A21D767CC4DC3EE8A2FF8B /* CLLocationCoordinate2D+Extensions.swift in Sources */,
				BE418AD59088B5ABB6B71DEA /* ContentView.swift in Sources */,
				6966E3EE03088DA84391990B /* DeliveryStatus.swift in Sources */,
				D72F44BFB49CDB83A79D8C1A /* GeocodingService.swift in Sources */,
				6F5353399B256FD399630A71 /* LocationService.swift in Sources */,
				ACEE7DD0DCE586DCDC0DB20D /* MainMapView.swift in Sources */,
				0E87D0BD967583F882A3A492 /* MapControlsOverlay.swift in Sources */,
				B3F023EB90BB65A5682F4F1F /* MapSearchBarView.swift in Sources */,
				9CB2E59832CB3189352DF1AC /* MapWithPinsView.swift in Sources */,
				36EC37415275B498EA411159 /* NavigationApp.swift in Sources */,
				0500B6352AEEDC60ECCEC044 /* NavigationService.swift in Sources */,
				E55BDE7A180FB5E35ADC2723 /* Route.swift in Sources */,
				9BBA3D1DB1D51D64B0D33EEC /* RouteFlowApp.swift in Sources */,
				E5B033D4350B9878633071FC /* RouteOptimizationService.swift in Sources */,
				8E10FB05C72A09313A9A8A20 /* SideMenuView.swift in Sources */,
				B9C5928931E8DA69E5C2FB40 /* Stop.swift in Sources */,
				1A57C958E8CCA74B83954C63 /* StopAnnotationView.swift in Sources */,
				9924B9D61A98C65FB8755538 /* StopsBottomSheetView.swift in Sources */,
			
				FEE6895616254708A089D812 /* SearchStopView.swift in Sources */,
				196F861B4F7D4E07B744B71F /* StopDetailView.swift in Sources */,
				749B2C872231440F82F8E7BE /* CreateRouteView.swift in Sources */,
				22F024B4687C40DCB35D6512 /* OptimizeRouteView.swift in Sources */,
				040908A1E9E74526AFB4382B /* NavigationAppSelectorView.swift in Sources */,);
			runOnlyForDeploymentPostprocessing = 0;
		};
		DFA18CC92F368D6200FFB10E /* Sources */ = {
			isa = PBXSourcesBuildPhase;
			buildActionMask = 2147483647;
			files = (
			);
			runOnlyForDeploymentPostprocessing = 0;
		};
		DFA18CD32F368D6200FFB10E /* Sources */ = {
			isa = PBXSourcesBuildPhase;
			buildActionMask = 2147483647;
			files = (
			);
			runOnlyForDeploymentPostprocessing = 0;
		};
/* End PBXSourcesBuildPhase section */

/* Begin PBXTargetDependency section */
		DFA18CCF2F368D6200FFB10E /* PBXTargetDependency */ = {
			isa = PBXTargetDependency;
			target = DFA18CBA2F368D5F00FFB10E /* RouteFlow */;
			targetProxy = DFA18CCE2F368D6200FFB10E /* PBXContainerItemProxy */;
		};
		DFA18CD92F368D6200FFB10E /* PBXTargetDependency */ = {
			isa = PBXTargetDependency;
			target = DFA18CBA2F368D5F00FFB10E /* RouteFlow */;
			targetProxy = DFA18CD82F368D6200FFB10E /* PBXContainerItemProxy */;
		};
/* End PBXTargetDependency section */

/* Begin XCBuildConfiguration section */
		DFA18CDF2F368D6200FFB10E /* Debug */ = {
			isa = XCBuildConfiguration;
			buildSettings = {
				ALWAYS_SEARCH_USER_PATHS = NO;
				ASSETCATALOG_COMPILER_GENERATE_SWIFT_ASSET_SYMBOL_EXTENSIONS = YES;
				CLANG_ANALYZER_NONNULL = YES;
				CLANG_ANALYZER_NUMBER_OBJECT_CONVERSION = YES_AGGRESSIVE;
				CLANG_CXX_LANGUAGE_STANDARD = "gnu++20";
				CLANG_ENABLE_MODULES = YES;
				CLANG_ENABLE_OBJC_ARC = YES;
				CLANG_ENABLE_OBJC_WEAK = YES;
				CLANG_WARN_BLOCK_CAPTURE_AUTORELEASING = YES;
				CLANG_WARN_BOOL_CONVERSION = YES;
				CLANG_WARN_COMMA = YES;
				CLANG_WARN_CONSTANT_CONVERSION = YES;
				CLANG_WARN_DEPRECATED_OBJC_IMPLEMENTATIONS = YES;
				CLANG_WARN_DIRECT_OBJC_ISA_USAGE = YES_ERROR;
				CLANG_WARN_DOCUMENTATION_COMMENTS = YES;
				CLANG_WARN_EMPTY_BODY = YES;
				CLANG_WARN_ENUM_CONVERSION = YES;
				CLANG_WARN_INFINITE_RECURSION = YES;
				CLANG_WARN_INT_CONVERSION = YES;
				CLANG_WARN_NON_LITERAL_NULL_CONVERSION = YES;
				CLANG_WARN_OBJC_IMPLICIT_RETAIN_SELF = YES;
				CLANG_WARN_OBJC_LITERAL_CONVERSION = YES;
				CLANG_WARN_OBJC_ROOT_CLASS = YES_ERROR;
				CLANG_WARN_QUOTED_INCLUDE_IN_FRAMEWORK_HEADER = YES;
				CLANG_WARN_RANGE_LOOP_ANALYSIS = YES;
				CLANG_WARN_STRICT_PROTOTYPES = YES;
				CLANG_WARN_SUSPICIOUS_MOVE = YES;
				CLANG_WARN_UNGUARDED_AVAILABILITY = YES_AGGRESSIVE;
				CLANG_WARN_UNREACHABLE_CODE = YES;
				CLANG_WARN__DUPLICATE_METHOD_MATCH = YES;
				COPY_PHASE_STRIP = NO;
				DEBUG_INFORMATION_FORMAT = dwarf;
				ENABLE_STRICT_OBJC_MSGSEND = YES;
				ENABLE_TESTABILITY = YES;
				ENABLE_USER_SCRIPT_SANDBOXING = YES;
				GCC_C_LANGUAGE_STANDARD = gnu17;
				GCC_DYNAMIC_NO_PIC = NO;
				GCC_NO_COMMON_BLOCKS = YES;
				GCC_OPTIMIZATION_LEVEL = 0;
				GCC_PREPROCESSOR_DEFINITIONS = (
					"DEBUG=1",
					"$(inherited)",
				);
				GCC_WARN_64_TO_32_BIT_CONVERSION = YES;
				GCC_WARN_ABOUT_RETURN_TYPE = YES_ERROR;
				GCC_WARN_UNDECLARED_SELECTOR = YES;
				GCC_WARN_UNINITIALIZED_AUTOS = YES_AGGRESSIVE;
				GCC_WARN_UNUSED_FUNCTION = YES;
				GCC_WARN_UNUSED_VARIABLE = YES;
				IPHONEOS_DEPLOYMENT_TARGET = 17.0;
				LOCALIZATION_PREFERS_STRING_CATALOGS = YES;
				MTL_ENABLE_DEBUG_INFO = INCLUDE_SOURCE;
				MTL_FAST_MATH = YES;
				ONLY_ACTIVE_ARCH = YES;
				SDKROOT = iphoneos;
				SWIFT_ACTIVE_COMPILATION_CONDITIONS = "DEBUG $(inherited)";
				SWIFT_OPTIMIZATION_LEVEL = "-Onone";
			};
			name = Debug;
		};
		DFA18CE02F368D6200FFB10E /* Release */ = {
			isa = XCBuildConfiguration;
			buildSettings = {
				ALWAYS_SEARCH_USER_PATHS = NO;
				ASSETCATALOG_COMPILER_GENERATE_SWIFT_ASSET_SYMBOL_EXTENSIONS = YES;
				CLANG_ANALYZER_NONNULL = YES;
				CLANG_ANALYZER_NUMBER_OBJECT_CONVERSION = YES_AGGRESSIVE;
				CLANG_CXX_LANGUAGE_STANDARD = "gnu++20";
				CLANG_ENABLE_MODULES = YES;
				CLANG_ENABLE_OBJC_ARC = YES;
				CLANG_ENABLE_OBJC_WEAK = YES;
				CLANG_WARN_BLOCK_CAPTURE_AUTORELEASING = YES;
				CLANG_WARN_BOOL_CONVERSION = YES;
				CLANG_WARN_COMMA = YES;
				CLANG_WARN_CONSTANT_CONVERSION = YES;
				CLANG_WARN_DEPRECATED_OBJC_IMPLEMENTATIONS = YES;
				CLANG_WARN_DIRECT_OBJC_ISA_USAGE = YES_ERROR;
				CLANG_WARN_DOCUMENTATION_COMMENTS = YES;
				CLANG_WARN_EMPTY_BODY = YES;
				CLANG_WARN_ENUM_CONVERSION = YES;
				CLANG_WARN_INFINITE_RECURSION = YES;
				CLANG_WARN_INT_CONVERSION = YES;
				CLANG_WARN_NON_LITERAL_NULL_CONVERSION = YES;
				CLANG_WARN_OBJC_IMPLICIT_RETAIN_SELF = YES;
				CLANG_WARN_OBJC_LITERAL_CONVERSION = YES;
				CLANG_WARN_OBJC_ROOT_CLASS = YES_ERROR;
				CLANG_WARN_QUOTED_INCLUDE_IN_FRAMEWORK_HEADER = YES;
				CLANG_WARN_RANGE_LOOP_ANALYSIS = YES;
				CLANG_WARN_STRICT_PROTOTYPES = YES;
				CLANG_WARN_SUSPICIOUS_MOVE = YES;
				CLANG_WARN_UNGUARDED_AVAILABILITY = YES_AGGRESSIVE;
				CLANG_WARN_UNREACHABLE_CODE = YES;
				CLANG_WARN__DUPLICATE_METHOD_MATCH = YES;
				COPY_PHASE_STRIP = NO;
				DEBUG_INFORMATION_FORMAT = "dwarf-with-dsym";
				ENABLE_NS_ASSERTIONS = NO;
				ENABLE_STRICT_OBJC_MSGSEND = YES;
				ENABLE_USER_SCRIPT_SANDBOXING = YES;
				GCC_C_LANGUAGE_STANDARD = gnu17;
				GCC_NO_COMMON_BLOCKS = YES;
				GCC_WARN_64_TO_32_BIT_CONVERSION = YES;
				GCC_WARN_ABOUT_RETURN_TYPE = YES_ERROR;
				GCC_WARN_UNDECLARED_SELECTOR = YES;
				GCC_WARN_UNINITIALIZED_AUTOS = YES_AGGRESSIVE;
				GCC_WARN_UNUSED_FUNCTION = YES;
				GCC_WARN_UNUSED_VARIABLE = YES;
				IPHONEOS_DEPLOYMENT_TARGET = 17.0;
				LOCALIZATION_PREFERS_STRING_CATALOGS = YES;
				MTL_ENABLE_DEBUG_INFO = NO;
				MTL_FAST_MATH = YES;
				SDKROOT = iphoneos;
				SWIFT_COMPILATION_MODE = wholemodule;
				VALIDATE_PRODUCT = YES;
			};
			name = Release;
		};
		DFA18CE22F368D6200FFB10E /* Debug */ = {
			isa = XCBuildConfiguration;
			buildSettings = {
				ASSETCATALOG_COMPILER_APPICON_NAME = AppIcon;
				ASSETCATALOG_COMPILER_GLOBAL_ACCENT_COLOR_NAME = AccentColor;
				CODE_SIGN_STYLE = Automatic;
				CURRENT_PROJECT_VERSION = 1;
				DEVELOPMENT_ASSET_PATHS = "\"RouteFlow/Preview Content\"";
				ENABLE_PREVIEWS = NO;
				INFOPLIST_FILE = Info.plist;
				INFOPLIST_KEY_LSApplicationQueriesSchemes = "comgooglemaps waze";
				INFOPLIST_KEY_NSLocationWhenInUseUsageDescription = "RouteFlow needs your location to optimize delivery routes and show your position on the map.";
				INFOPLIST_KEY_UIApplicationSceneManifest_Generation = YES;
				INFOPLIST_KEY_UIApplicationSupportsIndirectInputEvents = YES;
				INFOPLIST_KEY_UILaunchScreen_Generation = YES;
				INFOPLIST_KEY_UISupportedInterfaceOrientations_iPad = "UIInterfaceOrientationPortrait UIInterfaceOrientationPortraitUpsideDown UIInterfaceOrientationLandscapeLeft UIInterfaceOrientationLandscapeRight";
				INFOPLIST_KEY_UISupportedInterfaceOrientations_iPhone = "UIInterfaceOrientationPortrait UIInterfaceOrientationLandscapeLeft UIInterfaceOrientationLandscapeRight";
				IPHONEOS_DEPLOYMENT_TARGET = 17.0;
				LD_RUNPATH_SEARCH_PATHS = (
					"$(inherited)",
					"@executable_path/Frameworks",
				);
				MARKETING_VERSION = 1.0;
				PRODUCT_BUNDLE_IDENTIFIER = com.canpolat.RouteFlow;
				PRODUCT_NAME = "$(TARGET_NAME)";
				SWIFT_EMIT_LOC_STRINGS = YES;
				SWIFT_VERSION = 5.0;
				TARGETED_DEVICE_FAMILY = "1,2";
			};
			name = Debug;
		};
		DFA18CE32F368D6200FFB10E /* Release */ = {
			isa = XCBuildConfiguration;
			buildSettings = {
				ASSETCATALOG_COMPILER_APPICON_NAME = AppIcon;
				ASSETCATALOG_COMPILER_GLOBAL_ACCENT_COLOR_NAME = AccentColor;
				CODE_SIGN_STYLE = Automatic;
				CURRENT_PROJECT_VERSION = 1;
				DEVELOPMENT_ASSET_PATHS = "\"RouteFlow/Preview Content\"";
				ENABLE_PREVIEWS = NO;
				INFOPLIST_FILE = Info.plist;
				INFOPLIST_KEY_LSApplicationQueriesSchemes = "comgooglemaps waze";
				INFOPLIST_KEY_NSLocationWhenInUseUsageDescription = "RouteFlow needs your location to optimize delivery routes and show your position on the map.";
				INFOPLIST_KEY_UIApplicationSceneManifest_Generation = YES;
				INFOPLIST_KEY_UIApplicationSupportsIndirectInputEvents = YES;
				INFOPLIST_KEY_UILaunchScreen_Generation = YES;
				INFOPLIST_KEY_UISupportedInterfaceOrientations_iPad = "UIInterfaceOrientationPortrait UIInterfaceOrientationPortraitUpsideDown UIInterfaceOrientationLandscapeLeft UIInterfaceOrientationLandscapeRight";
				INFOPLIST_KEY_UISupportedInterfaceOrientations_iPhone = "UIInterfaceOrientationPortrait UIInterfaceOrientationLandscapeLeft UIInterfaceOrientationLandscapeRight";
				IPHONEOS_DEPLOYMENT_TARGET = 17.0;
				LD_RUNPATH_SEARCH_PATHS = (
					"$(inherited)",
					"@executable_path/Frameworks",
				);
				MARKETING_VERSION = 1.0;
				PRODUCT_BUNDLE_IDENTIFIER = com.canpolat.RouteFlow;
				PRODUCT_NAME = "$(TARGET_NAME)";
				SWIFT_EMIT_LOC_STRINGS = YES;
				SWIFT_VERSION = 5.0;
				TARGETED_DEVICE_FAMILY = "1,2";
			};
			name = Release;
		};
		DFA18CE52F368D6200FFB10E /* Debug */ = {
			isa = XCBuildConfiguration;
			buildSettings = {
				BUNDLE_LOADER = "$(TEST_HOST)";
				CODE_SIGN_STYLE = Automatic;
				CURRENT_PROJECT_VERSION = 1;
				GENERATE_INFOPLIST_FILE = YES;
				IPHONEOS_DEPLOYMENT_TARGET = 17.0;
				MARKETING_VERSION = 1.0;
				PRODUCT_BUNDLE_IDENTIFIER = com.canpolat.RouteFlow.RouteFlowTests;
				PRODUCT_NAME = "$(TARGET_NAME)";
				SWIFT_EMIT_LOC_STRINGS = NO;
				SWIFT_VERSION = 5.0;
				TARGETED_DEVICE_FAMILY = "1,2";
				TEST_HOST = "$(BUILT_PRODUCTS_DIR)/RouteFlow.app/$(BUNDLE_EXECUTABLE_FOLDER_PATH)/RouteFlow";
			};
			name = Debug;
		};
		DFA18CE62F368D6200FFB10E /* Release */ = {
			isa = XCBuildConfiguration;
			buildSettings = {
				BUNDLE_LOADER = "$(TEST_HOST)";
				CODE_SIGN_STYLE = Automatic;
				CURRENT_PROJECT_VERSION = 1;
				GENERATE_INFOPLIST_FILE = YES;
				IPHONEOS_DEPLOYMENT_TARGET = 17.0;
				MARKETING_VERSION = 1.0;
				PRODUCT_BUNDLE_IDENTIFIER = com.canpolat.RouteFlow.RouteFlowTests;
				PRODUCT_NAME = "$(TARGET_NAME)";
				SWIFT_EMIT_LOC_STRINGS = NO;
				SWIFT_VERSION = 5.0;
				TARGETED_DEVICE_FAMILY = "1,2";
				TEST_HOST = "$(BUILT_PRODUCTS_DIR)/RouteFlow.app/$(BUNDLE_EXECUTABLE_FOLDER_PATH)/RouteFlow";
			};
			name = Release;
		};
		DFA18CE82F368D6200FFB10E /* Debug */ = {
			isa = XCBuildConfiguration;
			buildSettings = {
				CODE_SIGN_STYLE = Automatic;
				CURRENT_PROJECT_VERSION = 1;
				GENERATE_INFOPLIST_FILE = YES;
				MARKETING_VERSION = 1.0;
				PRODUCT_BUNDLE_IDENTIFIER = com.canpolat.RouteFlow.RouteFlowUITests;
				PRODUCT_NAME = "$(TARGET_NAME)";
				SWIFT_EMIT_LOC_STRINGS = NO;
				SWIFT_VERSION = 5.0;
				TARGETED_DEVICE_FAMILY = "1,2";
				TEST_TARGET_NAME = RouteFlow;
			};
			name = Debug;
		};
		DFA18CE92F368D6200FFB10E /* Release */ = {
			isa = XCBuildConfiguration;
			buildSettings = {
				CODE_SIGN_STYLE = Automatic;
				CURRENT_PROJECT_VERSION = 1;
				GENERATE_INFOPLIST_FILE = YES;
				MARKETING_VERSION = 1.0;
				PRODUCT_BUNDLE_IDENTIFIER = com.canpolat.RouteFlow.RouteFlowUITests;
				PRODUCT_NAME = "$(TARGET_NAME)";
				SWIFT_EMIT_LOC_STRINGS = NO;
				SWIFT_VERSION = 5.0;
				TARGETED_DEVICE_FAMILY = "1,2";
				TEST_TARGET_NAME = RouteFlow;
			};
			name = Release;
		};
/* End XCBuildConfiguration section */

/* Begin XCConfigurationList section */
		DFA18CB62F368D5F00FFB10E /* Build configuration list for PBXProject "RouteFlow" */ = {
			isa = XCConfigurationList;
			buildConfigurations = (
				DFA18CDF2F368D6200FFB10E /* Debug */,
				DFA18CE02F368D6200FFB10E /* Release */,
			);
			defaultConfigurationIsVisible = 0;
			defaultConfigurationName = Release;
		};
		DFA18CE12F368D6200FFB10E /* Build configuration list for PBXNativeTarget "RouteFlow" */ = {
			isa = XCConfigurationList;
			buildConfigurations = (
				DFA18CE22F368D6200FFB10E /* Debug */,
				DFA18CE32F368D6200FFB10E /* Release */,
			);
			defaultConfigurationIsVisible = 0;
			defaultConfigurationName = Release;
		};
		DFA18CE42F368D6200FFB10E /* Build configuration list for PBXNativeTarget "RouteFlowTests" */ = {
			isa = XCConfigurationList;
			buildConfigurations = (
				DFA18CE52F368D6200FFB10E /* Debug */,
				DFA18CE62F368D6200FFB10E /* Release */,
			);
			defaultConfigurationIsVisible = 0;
			defaultConfigurationName = Release;
		};
		DFA18CE72F368D6200FFB10E /* Build configuration list for PBXNativeTarget "RouteFlowUITests" */ = {
			isa = XCConfigurationList;
			buildConfigurations = (
				DFA18CE82F368D6200FFB10E /* Debug */,
				DFA18CE92F368D6200FFB10E /* Release */,
			);
			defaultConfigurationIsVisible = 0;
			defaultConfigurationName = Release;
		};
/* End XCConfigurationList section */
	};
	rootObject = DFA18CB32F368D5F00FFB10E /* Project object */;
}
